
Microsoft Visual Studio Solution File, Format Version 12.00
# Visual Studio 15
Project("{FAE04EC0-301F-11D3-BF4B-00C04F79EFBC}") = "UnityEditor.UI", "UnityEditor.UI.csproj", "{908A951A-656F-14E6-46B8-7795C7FA63B7}"
EndProject
Project("{FAE04EC0-301F-11D3-BF4B-00C04F79EFBC}") = "UnityEngine.UI", "UnityEngine.UI.csproj", "{B41E48C0-A67E-6983-147D-CA1B73F52C91}"
EndProject
Project("{FAE04EC0-301F-11D3-BF4B-00C04F79EFBC}") = "Assembly-CSharp", "Assembly-CSharp.csproj", "{F52BE933-8CBE-C130-F46E-78E68DBEB8AB}"
EndProject
Global
	GlobalSection(SolutionConfigurationPlatforms) = preSolution
		Debug|Any CPU = Debug|Any CPU
		Release|Any CPU = Release|Any CPU
	EndGlobalSection
	GlobalSection(ProjectConfigurationPlatforms) = postSolution
		{908A951A-656F-14E6-46B8-7795C7FA63B7}.Debug|Any CPU.ActiveCfg = Debug|Any CPU
		{908A951A-656F-14E6-46B8-7795C7FA63B7}.Debug|Any CPU.Build.0 = Debug|Any CPU
		{908A951A-656F-14E6-46B8-7795C7FA63B7}.Release|Any CPU.ActiveCfg = Release|Any CPU
		{908A951A-656F-14E6-46B8-7795C7FA63B7}.Release|Any CPU.Build.0 = Release|Any CPU
		{B41E48C0-A67E-6983-147D-CA1B73F52C91}.Debug|Any CPU.ActiveCfg = Debug|Any CPU
		{B41E48C0-A67E-6983-147D-CA1B73F52C91}.Debug|Any CPU.Build.0 = Debug|Any CPU
		{B41E48C0-A67E-6983-147D-CA1B73F52C91}.Release|Any CPU.ActiveCfg = Release|Any CPU
		{B41E48C0-A67E-6983-147D-CA1B73F52C91}.Release|Any CPU.Build.0 = Release|Any CPU
		{F52BE933-8CBE-C130-F46E-78E68DBEB8AB}.Debug|Any CPU.ActiveCfg = Debug|Any CPU
		{F52BE933-8CBE-C130-F46E-78E68DBEB8AB}.Debug|Any CPU.Build.0 = Debug|Any CPU
		{F52BE933-8CBE-C130-F46E-78E68DBEB8AB}.Release|Any CPU.ActiveCfg = Release|Any CPU
		{F52BE933-8CBE-C130-F46E-78E68DBEB8AB}.Release|Any CPU.Build.0 = Release|Any CPU
	EndGlobalSection
	GlobalSection(SolutionProperties) = preSolution
		HideSolutionNode = FALSE
	EndGlobalSection
EndGlobal
